
Microsoft Visual Studio Solution File, Format Version 12.00
# Visual Studio Version 16
VisualStudioVersion = 16.0.31129.286
MinimumVisualStudioVersion = 10.0.40219.1
Project("{FAE04EC0-301F-11D3-BF4B-00C04F79EFBC}") = "MovieList", "MovieList\MovieList.csproj", "{FB255A26-9DF9-4B4B-91FB-B0F71ED6EA28}"
EndProject
Global
	GlobalSection(SolutionConfigurationPlatforms) = preSolution
		Debug|Any CPU = Debug|Any CPU
		Release|Any CPU = Release|Any CPU
	EndGlobalSection
	GlobalSection(ProjectConfigurationPlatforms) = postSolution
		{FB255A26-9DF9-4B4B-91FB-B0F71ED6EA28}.Debug|Any CPU.ActiveCfg = Debug|Any CPU
		{FB255A26-9DF9-4B4B-91FB-B0F71ED6EA28}.Debug|Any CPU.Build.0 = Debug|Any CPU
		{FB255A26-9DF9-4B4B-91FB-B0F71ED6EA28}.Release|Any CPU.ActiveCfg = Release|Any CPU
		{FB255A26-9DF9-4B4B-91FB-B0F71ED6EA28}.Release|Any CPU.Build.0 = Release|Any CPU
	EndGlobalSection
	GlobalSection(SolutionProperties) = preSolution
		HideSolutionNode = FALSE
	EndGlobalSection
	GlobalSection(ExtensibilityGlobals) = postSolution
		SolutionGuid = {F3936ACC-BF03-4631-B93F-08C59FAA5305}
	EndGlobalSection
EndGlobal
